Microsoft Visual Studio Solution File, Format Version 12.00
# Visual Studio Version 17
VisualStudioVersion = 17.5.2.0
MinimumVisualStudioVersion = 10.0.40219.1
Project("{FAE04EC0-301F-11D3-BF4B-00C04F79EFBC}") = "NewAttendanceProject", "NewAttendanceProject.csproj", "{ACC59538-FDFC-F8B8-F6B3-C7C5A900EDC4}"
EndProject
Global
	GlobalSection(SolutionConfigurationPlatforms) = preSolution
		Debug|Any CPU = Debug|Any CPU
		Release|Any CPU = Release|Any CPU
	EndGlobalSection
	GlobalSection(ProjectConfigurationPlatforms) = postSolution
		{ACC59538-FDFC-F8B8-F6B3-C7C5A900EDC4}.Debug|Any CPU.ActiveCfg = Debug|Any CPU
		{ACC59538-FDFC-F8B8-F6B3-C7C5A900EDC4}.Debug|Any CPU.Build.0 = Debug|Any CPU
		{ACC59538-FDFC-F8B8-F6B3-C7C5A900EDC4}.Release|Any CPU.ActiveCfg = Release|Any CPU
		{ACC59538-FDFC-F8B8-F6B3-C7C5A900EDC4}.Release|Any CPU.Build.0 = Release|Any CPU
	EndGlobalSection
	GlobalSection(SolutionProperties) = preSolution
		HideSolutionNode = FALSE
	EndGlobalSection
	GlobalSection(ExtensibilityGlobals) = postSolution
		SolutionGuid = {081F2F6E-3022-4B3D-95B2-7B54DA4B48E5}
	EndGlobalSection
EndGlobal
